<?xml version="1.0" encoding="utf-8"?>
<Project ToolsVersion="4.0" xmlns="http://schemas.microsoft.com/developer/msbuild/2003">
  <ItemGroup>
    <Filter Include="Source Files">
      <UniqueIdentifier>{4FC737F1-C7A5-4376-A066-2A32D752A2FF}</UniqueIdentifier>
      <Extensions>cpp;c;cc;cxx;def;odl;idl;hpj;bat;asm;asmx</Extensions>
    </Filter>
    <Filter Include="Resource Files">
      <UniqueIdentifier>{67DA6AB6-F800-4c08-8B7A-83BB121AAD01}</UniqueIdentifier>
      <Extensions>rc;ico;cur;bmp;dlg;rc2;rct;bin;rgs;gif;jpg;jpeg;jpe;resx;tiff;tif;png;wav;mfcribbon-ms</Extensions>
    </Filter>
    <Filter Include="Source Files\Player">
      <UniqueIdentifier>{08dad955-12da-4b43-b9fe-faf48601c5f0}</UniqueIdentifier>
    </Filter>
    <Filter Include="Source Files\Camera">
      <UniqueIdentifier>{659d9526-823b-4551-9551-a56b31e18426}</UniqueIdentifier>
    </Filter>
    <Filter Include="Source Files\Map">
      <UniqueIdentifier>{930c4ff2-b939-4639-aba4-bf8bb41bea07}</UniqueIdentifier>
    </Filter>
    <Filter Include="Source Files\Enemy">
      <UniqueIdentifier>{49c6c0e1-2242-4175-ae6e-e67ec3e3b945}</UniqueIdentifier>
    </Filter>
    <Filter Include="Source Files\Item">
      <UniqueIdentifier>{1c0a59d1-0d1c-440b-875b-811903da1845}</UniqueIdentifier>
    </Filter>
    <Filter Include="Source Files\Player\Bullet">
      <UniqueIdentifier>{f5b9c742-15b0-4d57-b60d-2816984c8226}</UniqueIdentifier>
    </Filter>
    <Filter Include="Source Files\Info">
      <UniqueIdentifier>{b780dae6-822f-4172-af68-5c9509c6271d}</UniqueIdentifier>
    </Filter>
    <Filter Include="Source Files\Display">
      <UniqueIdentifier>{b310dc2a-3070-4048-bae5-f5119ddec14b}</UniqueIdentifier>
    </Filter>
    <Filter Include="Source Files\Info\Number">
      <UniqueIdentifier>{c885a812-b7bf-47e7-9f84-fc0cde2de472}</UniqueIdentifier>
    </Filter>
    <Filter Include="Source Files\SceneManager">
      <UniqueIdentifier>{3ad2ac42-d355-48ce-a016-fe2f70de2133}</UniqueIdentifier>
    </Filter>
    <Filter Include="Source Files\Enemy\bullet">
      <UniqueIdentifier>{0ef4e42c-68a5-4ded-9ead-965e6982b983}</UniqueIdentifier>
    </Filter>
    <Filter Include="Source Files\Enemy\mob">
      <UniqueIdentifier>{5fe18a75-0ca5-421e-8e6b-7ae0464c369a}</UniqueIdentifier>
    </Filter>
  </ItemGroup>
  <ItemGroup>
    <ClCompile Include="main.cpp">
      <Filter>Source Files</Filter>
    </ClCompile>
    <ClCompile Include="stdafx.cpp">
      <Filter>Source Files</Filter>
    </ClCompile>
    <ClCompile Include="Player.cpp">
      <Filter>Source Files\Player</Filter>
    </ClCompile>
    <ClCompile Include="Camera.cpp">
      <Filter>Source Files\Camera</Filter>
    </ClCompile>
    <ClCompile Include="Map.cpp">
      <Filter>Source Files\Map</Filter>
    </ClCompile>
    <ClCompile Include="Coin.cpp">
      <Filter>Source Files\Item</Filter>
    </ClCompile>
    <ClCompile Include="MapChip.cpp">
      <Filter>Source Files\Map</Filter>
    </ClCompile>
    <ClCompile Include="Bullet.cpp">
      <Filter>Source Files\Player\Bullet</Filter>
    </ClCompile>
    <ClCompile Include="StartMenu.cpp">
      <Filter>Source Files\Display</Filter>
    </ClCompile>
    <ClCompile Include="Enemy.cpp">
      <Filter>Source Files\Enemy</Filter>
    </ClCompile>
    <ClCompile Include="heal.cpp">
      <Filter>Source Files\Item</Filter>
    </ClCompile>
    <ClCompile Include="PlayerHPBar.cpp">
      <Filter>Source Files\Info</Filter>
    </ClCompile>
    <ClCompile Include="Interface.cpp">
      <Filter>Source Files\Info</Filter>
    </ClCompile>
    <ClCompile Include="DisplayScore.cpp">
      <Filter>Source Files\Info</Filter>
    </ClCompile>
    <ClCompile Include="DisplayTime.cpp">
      <Filter>Source Files\Info</Filter>
    </ClCompile>
    <ClCompile Include="Number.cpp">
      <Filter>Source Files\Info\Number</Filter>
    </ClCompile>
    <ClCompile Include="Switching.cpp">
      <Filter>Source Files\Display</Filter>
    </ClCompile>
    <ClCompile Include="SceneManager.cpp">
      <Filter>Source Files\SceneManager</Filter>
    </ClCompile>
    <ClCompile Include="ClearMarker.cpp">
      <Filter>Source Files\Map</Filter>
    </ClCompile>
    <ClCompile Include="Item.cpp">
      <Filter>Source Files\Item</Filter>
    </ClCompile>
    <ClCompile Include="Back.cpp">
      <Filter>Source Files\Map</Filter>
    </ClCompile>
    <ClCompile Include="GameOver.cpp">
      <Filter>Source Files\Display</Filter>
    </ClCompile>
    <ClCompile Include="TotalResult.cpp">
      <Filter>Source Files\Display</Filter>
    </ClCompile>
    <ClCompile Include="EnemyBullet.cpp">
      <Filter>Source Files\Enemy\bullet</Filter>
    </ClCompile>
    <ClCompile Include="Skelton.cpp">
      <Filter>Source Files\Enemy\mob</Filter>
    </ClCompile>
    <ClCompile Include="SkeltonFighter.cpp">
      <Filter>Source Files\Enemy\mob</Filter>
    </ClCompile>
    <ClCompile Include="SkeltonMage.cpp">
      <Filter>Source Files\Enemy\mob</Filter>
    </ClCompile>
    <ClCompile Include="Boss.cpp">
      <Filter>Source Files\Enemy</Filter>
    </ClCompile>
  </ItemGroup>
  <ItemGroup>
    <ClInclude Include="stdafx.h">
      <Filter>Source Files</Filter>
    </ClInclude>
    <ClInclude Include="Camera.h">
      <Filter>Source Files\Camera</Filter>
    </ClInclude>
    <ClInclude Include="Map.h">
      <Filter>Source Files\Map</Filter>
    </ClInclude>
    <ClInclude Include="Coin.h">
      <Filter>Source Files\Item</Filter>
    </ClInclude>
    <ClInclude Include="MapChip.h">
      <Filter>Source Files\Map</Filter>
    </ClInclude>
    <ClInclude Include="Bullet.h">
      <Filter>Source Files\Player\Bullet</Filter>
    </ClInclude>
    <ClInclude Include="StartMenu.h">
      <Filter>Source Files\Display</Filter>
    </ClInclude>
    <ClInclude Include="Enemy.h">
      <Filter>Source Files\Enemy</Filter>
    </ClInclude>
    <ClInclude Include="heal.h">
      <Filter>Source Files\Item</Filter>
    </ClInclude>
    <ClInclude Include="PlayerHPBar.h">
      <Filter>Source Files\Info</Filter>
    </ClInclude>
    <ClInclude Include="Interface.h">
      <Filter>Source Files\Info</Filter>
    </ClInclude>
    <ClInclude Include="DisplayScore.h">
      <Filter>Source Files\Info</Filter>
    </ClInclude>
    <ClInclude Include="DisplayTime.h">
      <Filter>Source Files\Info</Filter>
    </ClInclude>
    <ClInclude Include="Number.h">
      <Filter>Source Files\Info\Number</Filter>
    </ClInclude>
    <ClInclude Include="Switching.h">
      <Filter>Source Files\Display</Filter>
    </ClInclude>
    <ClInclude Include="SceneManager.h">
      <Filter>Source Files\SceneManager</Filter>
    </ClInclude>
    <ClInclude Include="ClearMarker.h">
      <Filter>Source Files\Map</Filter>
    </ClInclude>
    <ClInclude Include="Item.h">
      <Filter>Source Files\Item</Filter>
    </ClInclude>
    <ClInclude Include="Back.h">
      <Filter>Source Files\Map</Filter>
    </ClInclude>
    <ClInclude Include="GameOver.h">
      <Filter>Source Files\Display</Filter>
    </ClInclude>
    <ClInclude Include="TotalResult.h">
      <Filter>Source Files\Display</Filter>
    </ClInclude>
    <ClInclude Include="EnemyBullet.h">
      <Filter>Source Files\Enemy\bullet</Filter>
    </ClInclude>
    <ClInclude Include="Skelton.h">
      <Filter>Source Files\Enemy\mob</Filter>
    </ClInclude>
    <ClInclude Include="SkeltonFighter.h">
      <Filter>Source Files\Enemy\mob</Filter>
    </ClInclude>
    <ClInclude Include="SkeltonMage.h">
      <Filter>Source Files\Enemy\mob</Filter>
    </ClInclude>
    <ClInclude Include="Boss.h">
      <Filter>Source Files\Enemy</Filter>
    </ClInclude>
    <ClInclude Include="Player.h">
      <Filter>Source Files\SceneManager</Filter>
    </ClInclude>
  </ItemGroup>
</Project>